{
  "version": 4,
  "terraform_version": "1.9.8",
  "serial": 35,
  "lineage": "1ef0d99c-3e65-6f01-7fe4-722dc453b5c6",
  "outputs": {
    "jenkins_master_public_ip": {
      "value": "3.111.171.88",
      "type": "string"
    }
  },
  "resources": [
    {
      "module": "module.ec2_instance",
      "mode": "managed",
      "type": "aws_instance",
      "name": "jenkins_master",
      "provider": "provider[\"registry.terraform.io/hashicorp/aws\"]",
      "instances": [
        {
          "schema_version": 1,
          "attributes": {
            "ami": "ami-0c8eea98010057bd0",
            "arn": "arn:aws:ec2:ap-south-1:686009058037:instance/i-0f53398a537c81ebd",
            "associate_public_ip_address": true,
            "availability_zone": "ap-south-1a",
            "capacity_reservation_specification": [
              {
                "capacity_reservation_preference": "open",
                "capacity_reservation_target": []
              }
            ],
            "cpu_core_count": 2,
            "cpu_options": [
              {
                "amd_sev_snp": "",
                "core_count": 2,
                "threads_per_core": 1
              }
            ],
            "cpu_threads_per_core": 1,
            "credit_specification": [
              {
                "cpu_credits": "unlimited"
              }
            ],
            "disable_api_stop": false,
            "disable_api_termination": false,
            "ebs_block_device": [
              {
                "delete_on_termination": true,
                "device_name": "/dev/sda1",
                "encrypted": false,
                "iops": 3000,
                "kms_key_id": "",
                "snapshot_id": "",
                "tags": {},
                "tags_all": {},
                "throughput": 125,
                "volume_id": "vol-0ff693ea0b9dd7f69",
                "volume_size": 50,
                "volume_type": "gp3"
              }
            ],
            "ebs_optimized": false,
            "enclave_options": [
              {
                "enabled": false
              }
            ],
            "ephemeral_block_device": [],
            "get_password_data": false,
            "hibernation": false,
            "host_id": "",
            "host_resource_group_arn": null,
            "iam_instance_profile": "jenkins_instance_profile",
            "id": "i-0f53398a537c81ebd",
            "instance_initiated_shutdown_behavior": "stop",
            "instance_lifecycle": "",
            "instance_market_options": [],
            "instance_state": "running",
            "instance_type": "t4g.medium",
            "ipv6_address_count": 0,
            "ipv6_addresses": [],
            "key_name": "jenkins_new",
            "launch_template": [],
            "maintenance_options": [
              {
                "auto_recovery": "default"
              }
            ],
            "metadata_options": [
              {
                "http_endpoint": "enabled",
                "http_protocol_ipv6": "disabled",
                "http_put_response_hop_limit": 2,
                "http_tokens": "required",
                "instance_metadata_tags": "disabled"
              }
            ],
            "monitoring": false,
            "network_interface": [],
            "outpost_arn": "",
            "password_data": "",
            "placement_group": "",
            "placement_partition_number": 0,
            "primary_network_interface_id": "eni-0a19bfcac67b6aa79",
            "private_dns": "ip-10-0-1-193.ap-south-1.compute.internal",
            "private_dns_name_options": [
              {
                "enable_resource_name_dns_a_record": false,
                "enable_resource_name_dns_aaaa_record": false,
                "hostname_type": "ip-name"
              }
            ],
            "private_ip": "10.0.1.193",
            "public_dns": "",
            "public_ip": "13.235.114.202",
            "root_block_device": [
              {
                "delete_on_termination": true,
                "device_name": "/dev/sda1",
                "encrypted": false,
                "iops": 3000,
                "kms_key_id": "",
                "tags": {},
                "tags_all": {},
                "throughput": 125,
                "volume_id": "vol-0ff693ea0b9dd7f69",
                "volume_size": 50,
                "volume_type": "gp3"
              }
            ],
            "secondary_private_ips": [],
            "security_groups": [],
            "source_dest_check": true,
            "spot_instance_request_id": "",
            "subnet_id": "subnet-08bfc404e2b0af3be",
            "tags": {
              "Name": "Jenkins_Master"
            },
            "tags_all": {
              "Name": "Jenkins_Master"
            },
            "tenancy": "default",
            "timeouts": null,
            "user_data": "47ebc9fd423bef4646095fc66f884808278f6091",
            "user_data_base64": null,
            "user_data_replace_on_change": false,
            "volume_tags": null,
            "vpc_security_group_ids": [
              "sg-082f34070dd7670dc"
            ]
          },
          "sensitive_attributes": [],
          "private": "eyJlMmJmYjczMC1lY2FhLTExZTYtOGY4OC0zNDM2M2JjN2M0YzAiOnsiY3JlYXRlIjo2MDAwMDAwMDAwMDAsImRlbGV0ZSI6MTIwMDAwMDAwMDAwMCwicmVhZCI6OTAwMDAwMDAwMDAwLCJ1cGRhdGUiOjYwMDAwMDAwMDAwMH0sInNjaGVtYV92ZXJzaW9uIjoiMSJ9",
          "dependencies": [
            "module.ec2_instance.aws_key_pair.jenkins_key",
            "module.ec2_instance.tls_private_key.jenkins_key",
            "module.iam_role.aws_iam_instance_profile.jenkins_instance_profile",
            "module.iam_role.aws_iam_role.jenkins_role",
            "module.security_group.aws_security_group.jenkins_sg",
            "module.subnet.aws_subnet.jenkins_subnet",
            "module.vpc.aws_vpc.jenkins_vpc"
          ]
        }
      ]
    },
    {
      "module": "module.ec2_instance",
      "mode": "managed",
      "type": "aws_key_pair",
      "name": "jenkins_key",
      "provider": "provider[\"registry.terraform.io/hashicorp/aws\"]",
      "instances": [
        {
          "schema_version": 1,
          "attributes": {
            "arn": "arn:aws:ec2:ap-south-1:686009058037:key-pair/jenkins_new",
            "fingerprint": "28:b2:c4:06:af:a1:19:a8:d4:d5:9a:6f:25:52:0b:41",
            "id": "jenkins_new",
            "key_name": "jenkins_new",
            "key_name_prefix": "",
            "key_pair_id": "key-09e127058ca586e4e",
            "key_type": "rsa",
            "public_key": "ssh-rsa AAAAB3NzaC1yc2EAAAADAQABAAABAQDUb9IGHUfHO+fUVZe6MxmHSBkoDl3WNZrSuglQvso3EgVqT/5BvvcZqMBHl2KxePI4yn9GfNm0rEv6kuzuEZxwJJrgLTb8aMqZgxxxraQXQJj0xZEgEl9wNZLxRcBNsfc5TEqgdCJNzlmmmB053/qdaALnYqdy7JUUiBBdb0xKecgVsNN4+w3Mvir27jTzoABBORtYlukvDLBQlaLF0YxTd4d61Q1d4V5OZeZILxwxm4WQ8uwdEim9Y41K2rj9/FBrx47260zvIdpw7QD8wIfA48zO1adu0EnfcwxWmq5vokduLbw/H6KAQwgWdbd0tgsmhK4SirfwGZwqYd4exUkd",
            "tags": {},
            "tags_all": {}
          },
          "sensitive_attributes": [],
          "private": "eyJzY2hlbWFfdmVyc2lvbiI6IjEifQ==",
          "dependencies": [
            "module.ec2_instance.tls_private_key.jenkins_key"
          ]
        }
      ]
    },
    {
      "module": "module.ec2_instance",
      "mode": "managed",
      "type": "local_file",
      "name": "private_key",
      "provider": "provider[\"registry.terraform.io/hashicorp/local\"]",
      "instances": [
        {
          "schema_version": 0,
          "attributes": {
            "content": "-----BEGIN RSA PRIVATE KEY-----\nMIIEowIBAAKCAQEA1G/SBh1Hxzvn1FWXujMZh0gZKA5d1jWa0roJUL7KNxIFak/+\nQb73GajAR5disXjyOMp/RnzZtKxL+pLs7hGccCSa4C02/GjKmYMcca2kF0CY9MWR\nIBJfcDWS8UXATbH3OUxKoHQiTc5ZppgdOd/6nWgC52KncuyVFIgQXW9MSnnIFbDT\nePsNzL4q9u4086AAQTkbWJbpLwywUJWixdGMU3eHetUNXeFeTmXmSC8cMZuFkPLs\nHRIpvWONStq4/fxQa8eO9utM7yHacO0A/MCHwOPMztWnbtBJ33MMVpqub6JHbi28\nPx+igEMIFnW3dLYLJoSuEoq38BmcKmHeHsVJHQIDAQABAoIBAGnSQea10zmVx8fn\n0yr3pXHUImPntCqujS8HaPiF8ak5GuV4b4lEnUZ030NKT+lj/BT6Gih8rN3pLffm\nFIwKzci3E0c0fr2BXdrWiua9vo2uqgLUH5TAUjZNGaOCQWbyjdpG/K2s7CGh9tqb\nz4My5V5fn4KvjAYdf624kZ5ZgMFfu/xs8QHj89QcH08khB5jbw59VyLgXtPG8Xjl\nAzTRefkGqYb/oHtIMOMBY43FXzgOiHxq5Lkb7VPsMH3E+g7jHZ+vMzepD2k2DSTI\nbcdqn2xDXC16wRytj+CABMzxcPCKTstix0OWZjSJEkrahr8NQVpq0VCOiM2sPps8\nIj3RbmkCgYEA9ZRdlVDgCVEWQM+pGDPjHGVUG+kIfsqSUkKeYsgcbTxtFE0H2Z5R\ngeN5OFOqhJhJAyooVGeQODlxN1OjPOFmvBYdpx7Vfzvoc8yEPxAUDQg13Kmg7XvK\nlgtDawgjn/n5IZIPUNQLjmjSWRVzOfhkIkIBzNZRnp/9cQxQORAeqV8CgYEA3XNw\nJtg49ZVUe8uOC7233Cy5Pns2gzPUdWyQcc2F1G7g5nhd9sOeYevG8N35QM++4Jqt\nSX70pfg+JWUBMLT8fWY0Ba7N5wbSJ4aVLyUVcRW5DdvY8UjmNLLkGrhDaXhxTfb0\n2oA455srr5W2lfB4nPjN4UF+bKsk1tLEZHkw0wMCgYBYIVFgR3DPByGESsG1JNHJ\nG/gOOBfLYKkYCj5K1uOUtA21Llu11iIMCfUzqJrWEMyK7TMh7zSLaNnfcA1xyLYU\no58qnV8i1P37qJaBByUa9CpYMSvGbhlqtUoRfA9E1vF4AbGrYR1wkt+CBreeQyy0\nOpnox7Tsxx+t1Sxo/gby4wKBgFN8SKSsUVTsVixRghyVCnKb/b47b0KpUIhwREhT\nBggfQPRCHpKADv61h4uY83Xmm/xK89dIYG0NmEg6uuck5CdWV3ho/UEChknWZ/md\nDmdSnDBIWJImPHtTkcEtBGUHvhd5abfSLSHLkv2gAHSocqAjAGLScRoAr2O5k8aZ\nFboHAoGBANMudsVVEp6uiQBfpf4XnY1CrIcENyOG9e2t9tWwr5hfrzhUxPnBJFE8\nVBqtCwHxBsMJO1kAyhABJncnRFtdnAUxq87yghVr2ibvHPWxCRPfh636EDWVHwrq\nxJzSJt/FeDaEaJY5aX46W/ElJnYrkDXzMKVUvyuW3Ma07volUl0a\n-----END RSA PRIVATE KEY-----\n",
            "content_base64": null,
            "content_base64sha256": "sRn6CydSbCK/sCK1J86eLT1GkscDD4MwzsuBqdoFqkM=",
            "content_base64sha512": "Y2/+8840XOKs/pmhE5KQt1iF+P+LTkpKLeAz78qGg5tuTF8Lh/eUvRAVEVformH4g1Mrbj0Th7bsu9xDA0mWmQ==",
            "content_md5": "a626741da95ac89a8fbbf82f91b68de0",
            "content_sha1": "e1f1b032e167ee58e80502a3e1c7a730c1c607a9",
            "content_sha256": "b119fa0b27526c22bfb022b527ce9e2d3d4692c7030f8330cecb81a9da05aa43",
            "content_sha512": "636ffef3ce345ce2acfe99a1139290b75885f8ff8b4e4a4a2de033efca86839b6e4c5f0b87f794bd10151157e8ae61f883532b6e3d1387b6ecbbdc4303499699",
            "directory_permission": "0777",
            "file_permission": "0777",
            "filename": "/tmp/jenkins_private_key.pem",
            "id": "e1f1b032e167ee58e80502a3e1c7a730c1c607a9",
            "sensitive_content": null,
            "source": null
          },
          "sensitive_attributes": [
            [
              {
                "type": "get_attr",
                "value": "sensitive_content"
              }
            ],
            [
              {
                "type": "get_attr",
                "value": "content"
              }
            ]
          ],
          "dependencies": [
            "module.ec2_instance.tls_private_key.jenkins_key"
          ]
        }
      ]
    },
    {
      "module": "module.ec2_instance",
      "mode": "managed",
      "type": "tls_private_key",
      "name": "jenkins_key",
      "provider": "provider[\"registry.terraform.io/hashicorp/tls\"]",
      "instances": [
        {
          "schema_version": 1,
          "attributes": {
            "algorithm": "RSA",
            "ecdsa_curve": "P224",
            "id": "7aac8d6866b6b2d536181d2539d31efafdbd4dc0",
            "private_key_openssh": "-----BEGIN OPENSSH PRIVATE KEY-----\nb3BlbnNzaC1rZXktdjEAAAAABG5vbmUAAAAEbm9uZQAAAAAAAAABAAABFwAAAAdz\nc2gtcnNhAAAAAwEAAQAAAQEA1G/SBh1Hxzvn1FWXujMZh0gZKA5d1jWa0roJUL7K\nNxIFak/+Qb73GajAR5disXjyOMp/RnzZtKxL+pLs7hGccCSa4C02/GjKmYMcca2k\nF0CY9MWRIBJfcDWS8UXATbH3OUxKoHQiTc5ZppgdOd/6nWgC52KncuyVFIgQXW9M\nSnnIFbDTePsNzL4q9u4086AAQTkbWJbpLwywUJWixdGMU3eHetUNXeFeTmXmSC8c\nMZuFkPLsHRIpvWONStq4/fxQa8eO9utM7yHacO0A/MCHwOPMztWnbtBJ33MMVpqu\nb6JHbi28Px+igEMIFnW3dLYLJoSuEoq38BmcKmHeHsVJHQAAA7jnPGGX5zxhlwAA\nAAdzc2gtcnNhAAABAQDUb9IGHUfHO+fUVZe6MxmHSBkoDl3WNZrSuglQvso3EgVq\nT/5BvvcZqMBHl2KxePI4yn9GfNm0rEv6kuzuEZxwJJrgLTb8aMqZgxxxraQXQJj0\nxZEgEl9wNZLxRcBNsfc5TEqgdCJNzlmmmB053/qdaALnYqdy7JUUiBBdb0xKecgV\nsNN4+w3Mvir27jTzoABBORtYlukvDLBQlaLF0YxTd4d61Q1d4V5OZeZILxwxm4WQ\n8uwdEim9Y41K2rj9/FBrx47260zvIdpw7QD8wIfA48zO1adu0EnfcwxWmq5vokdu\nLbw/H6KAQwgWdbd0tgsmhK4SirfwGZwqYd4exUkdAAAAAwEAAQAAAQBp0kHmtdM5\nlcfH59Mq96Vx1CJj57Qqro0vB2j4hfGpORrleG+JRJ1GdN9DSk/pY/wU+hoofKzd\n6S335hSMCs3ItxNHNH69gV3a1ormvb6NrqoC1B+UwFI2TRmjgkFm8o3aRvytrOwh\nofbam8+DMuVeX5+Cr4wGHX+tuJGeWYDBX7v8bPEB4/PUHB9PJIQeY28OfVci4F7T\nxvF45QM00Xn5BqmG/6B7SDDjAWONxV84Doh8auS5G+1T7DB9xPoO4x2frzM3qQ9p\nNg0kyG3Hap9sQ1wtesEcrY/ggATM8XDwik7LYsdDlmY0iRJK2oa/DUFaatFQjojN\nrD6bPCI90W5pAAAAgQDTLnbFVRKerokAX6X+F52NQqyHBDcjhvXtrfbVsK+YX684\nVMT5wSRRPFQarQsB8QbDCTtZAMoQASZ3J0RbXZwFMavO8oIVa9om7xz1sQkT34et\n+hA1lR8K6sSc0ibfxXg2hGiWOWl+OlvxJSZ2K5A18zClVL8rltzGtO76JVJdGgAA\nAIEA9ZRdlVDgCVEWQM+pGDPjHGVUG+kIfsqSUkKeYsgcbTxtFE0H2Z5RgeN5OFOq\nhJhJAyooVGeQODlxN1OjPOFmvBYdpx7Vfzvoc8yEPxAUDQg13Kmg7XvKlgtDawgj\nn/n5IZIPUNQLjmjSWRVzOfhkIkIBzNZRnp/9cQxQORAeqV8AAACBAN1zcCbYOPWV\nVHvLjgu9t9wsuT57NoMz1HVskHHNhdRu4OZ4XfbDnmHrxvDd+UDPvuCarUl+9KX4\nPiVlATC0/H1mNAWuzecG0ieGlS8lFXEVuQ3b2PFI5jSy5Bq4Q2l4cU329NqAOOeb\nK6+VtpXweJz4zeFBfmyrJNbSxGR5MNMDAAAAAAEC\n-----END OPENSSH PRIVATE KEY-----\n",
            "private_key_pem": "-----BEGIN RSA PRIVATE KEY-----\nMIIEowIBAAKCAQEA1G/SBh1Hxzvn1FWXujMZh0gZKA5d1jWa0roJUL7KNxIFak/+\nQb73GajAR5disXjyOMp/RnzZtKxL+pLs7hGccCSa4C02/GjKmYMcca2kF0CY9MWR\nIBJfcDWS8UXATbH3OUxKoHQiTc5ZppgdOd/6nWgC52KncuyVFIgQXW9MSnnIFbDT\nePsNzL4q9u4086AAQTkbWJbpLwywUJWixdGMU3eHetUNXeFeTmXmSC8cMZuFkPLs\nHRIpvWONStq4/fxQa8eO9utM7yHacO0A/MCHwOPMztWnbtBJ33MMVpqub6JHbi28\nPx+igEMIFnW3dLYLJoSuEoq38BmcKmHeHsVJHQIDAQABAoIBAGnSQea10zmVx8fn\n0yr3pXHUImPntCqujS8HaPiF8ak5GuV4b4lEnUZ030NKT+lj/BT6Gih8rN3pLffm\nFIwKzci3E0c0fr2BXdrWiua9vo2uqgLUH5TAUjZNGaOCQWbyjdpG/K2s7CGh9tqb\nz4My5V5fn4KvjAYdf624kZ5ZgMFfu/xs8QHj89QcH08khB5jbw59VyLgXtPG8Xjl\nAzTRefkGqYb/oHtIMOMBY43FXzgOiHxq5Lkb7VPsMH3E+g7jHZ+vMzepD2k2DSTI\nbcdqn2xDXC16wRytj+CABMzxcPCKTstix0OWZjSJEkrahr8NQVpq0VCOiM2sPps8\nIj3RbmkCgYEA9ZRdlVDgCVEWQM+pGDPjHGVUG+kIfsqSUkKeYsgcbTxtFE0H2Z5R\ngeN5OFOqhJhJAyooVGeQODlxN1OjPOFmvBYdpx7Vfzvoc8yEPxAUDQg13Kmg7XvK\nlgtDawgjn/n5IZIPUNQLjmjSWRVzOfhkIkIBzNZRnp/9cQxQORAeqV8CgYEA3XNw\nJtg49ZVUe8uOC7233Cy5Pns2gzPUdWyQcc2F1G7g5nhd9sOeYevG8N35QM++4Jqt\nSX70pfg+JWUBMLT8fWY0Ba7N5wbSJ4aVLyUVcRW5DdvY8UjmNLLkGrhDaXhxTfb0\n2oA455srr5W2lfB4nPjN4UF+bKsk1tLEZHkw0wMCgYBYIVFgR3DPByGESsG1JNHJ\nG/gOOBfLYKkYCj5K1uOUtA21Llu11iIMCfUzqJrWEMyK7TMh7zSLaNnfcA1xyLYU\no58qnV8i1P37qJaBByUa9CpYMSvGbhlqtUoRfA9E1vF4AbGrYR1wkt+CBreeQyy0\nOpnox7Tsxx+t1Sxo/gby4wKBgFN8SKSsUVTsVixRghyVCnKb/b47b0KpUIhwREhT\nBggfQPRCHpKADv61h4uY83Xmm/xK89dIYG0NmEg6uuck5CdWV3ho/UEChknWZ/md\nDmdSnDBIWJImPHtTkcEtBGUHvhd5abfSLSHLkv2gAHSocqAjAGLScRoAr2O5k8aZ\nFboHAoGBANMudsVVEp6uiQBfpf4XnY1CrIcENyOG9e2t9tWwr5hfrzhUxPnBJFE8\nVBqtCwHxBsMJO1kAyhABJncnRFtdnAUxq87yghVr2ibvHPWxCRPfh636EDWVHwrq\nxJzSJt/FeDaEaJY5aX46W/ElJnYrkDXzMKVUvyuW3Ma07volUl0a\n-----END RSA PRIVATE KEY-----\n",
            "private_key_pem_pkcs8": "-----BEGIN PRIVATE KEY-----\nMIIEvQIBADANBgkqhkiG9w0BAQEFAASCBKcwggSjAgEAAoIBAQDUb9IGHUfHO+fU\nVZe6MxmHSBkoDl3WNZrSuglQvso3EgVqT/5BvvcZqMBHl2KxePI4yn9GfNm0rEv6\nkuzuEZxwJJrgLTb8aMqZgxxxraQXQJj0xZEgEl9wNZLxRcBNsfc5TEqgdCJNzlmm\nmB053/qdaALnYqdy7JUUiBBdb0xKecgVsNN4+w3Mvir27jTzoABBORtYlukvDLBQ\nlaLF0YxTd4d61Q1d4V5OZeZILxwxm4WQ8uwdEim9Y41K2rj9/FBrx47260zvIdpw\n7QD8wIfA48zO1adu0EnfcwxWmq5vokduLbw/H6KAQwgWdbd0tgsmhK4SirfwGZwq\nYd4exUkdAgMBAAECggEAadJB5rXTOZXHx+fTKvelcdQiY+e0Kq6NLwdo+IXxqTka\n5XhviUSdRnTfQ0pP6WP8FPoaKHys3ekt9+YUjArNyLcTRzR+vYFd2taK5r2+ja6q\nAtQflMBSNk0Zo4JBZvKN2kb8razsIaH22pvPgzLlXl+fgq+MBh1/rbiRnlmAwV+7\n/GzxAePz1BwfTySEHmNvDn1XIuBe08bxeOUDNNF5+Qaphv+ge0gw4wFjjcVfOA6I\nfGrkuRvtU+wwfcT6DuMdn68zN6kPaTYNJMhtx2qfbENcLXrBHK2P4IAEzPFw8IpO\ny2LHQ5ZmNIkSStqGvw1BWmrRUI6Izaw+mzwiPdFuaQKBgQD1lF2VUOAJURZAz6kY\nM+McZVQb6Qh+ypJSQp5iyBxtPG0UTQfZnlGB43k4U6qEmEkDKihUZ5A4OXE3U6M8\n4Wa8Fh2nHtV/O+hzzIQ/EBQNCDXcqaDte8qWC0NrCCOf+fkhkg9Q1AuOaNJZFXM5\n+GQiQgHM1lGen/1xDFA5EB6pXwKBgQDdc3Am2Dj1lVR7y44LvbfcLLk+ezaDM9R1\nbJBxzYXUbuDmeF32w55h68bw3flAz77gmq1JfvSl+D4lZQEwtPx9ZjQFrs3nBtIn\nhpUvJRVxFbkN29jxSOY0suQauENpeHFN9vTagDjnmyuvlbaV8Hic+M3hQX5sqyTW\n0sRkeTDTAwKBgFghUWBHcM8HIYRKwbUk0ckb+A44F8tgqRgKPkrW45S0DbUuW7XW\nIgwJ9TOomtYQzIrtMyHvNIto2d9wDXHIthSjnyqdXyLU/fuoloEHJRr0KlgxK8Zu\nGWq1ShF8D0TW8XgBsathHXCS34IGt55DLLQ6mejHtOzHH63VLGj+BvLjAoGAU3xI\npKxRVOxWLFGCHJUKcpv9vjtvQqlQiHBESFMGCB9A9EIekoAO/rWHi5jzdeab/Erz\n10hgbQ2YSDq65yTkJ1ZXeGj9QQKGSdZn+Z0OZ1KcMEhYkiY8e1ORwS0EZQe+F3lp\nt9ItIcuS/aAAdKhyoCMAYtJxGgCvY7mTxpkVugcCgYEA0y52xVUSnq6JAF+l/hed\njUKshwQ3I4b17a321bCvmF+vOFTE+cEkUTxUGq0LAfEGwwk7WQDKEAEmdydEW12c\nBTGrzvKCFWvaJu8c9bEJE9+HrfoQNZUfCurEnNIm38V4NoRoljlpfjpb8SUmdiuQ\nNfMwpVS/K5bcxrTu+iVSXRo=\n-----END PRIVATE KEY-----\n",
            "public_key_fingerprint_md5": "55:3e:0a:f2:c4:f5:85:23:9d:3b:6e:4a:f0:f2:fb:50",
            "public_key_fingerprint_sha256": "SHA256:2OwrOJmPWl1gn3eZlCczAMTX+IUOuJt3gjC3DPcFphc",
            "public_key_openssh": "ssh-rsa AAAAB3NzaC1yc2EAAAADAQABAAABAQDUb9IGHUfHO+fUVZe6MxmHSBkoDl3WNZrSuglQvso3EgVqT/5BvvcZqMBHl2KxePI4yn9GfNm0rEv6kuzuEZxwJJrgLTb8aMqZgxxxraQXQJj0xZEgEl9wNZLxRcBNsfc5TEqgdCJNzlmmmB053/qdaALnYqdy7JUUiBBdb0xKecgVsNN4+w3Mvir27jTzoABBORtYlukvDLBQlaLF0YxTd4d61Q1d4V5OZeZILxwxm4WQ8uwdEim9Y41K2rj9/FBrx47260zvIdpw7QD8wIfA48zO1adu0EnfcwxWmq5vokduLbw/H6KAQwgWdbd0tgsmhK4SirfwGZwqYd4exUkd\n",
            "public_key_pem": "-----BEGIN PUBLIC KEY-----\nMIIBIjANBgkqhkiG9w0BAQEFAAOCAQ8AMIIBCgKCAQEA1G/SBh1Hxzvn1FWXujMZ\nh0gZKA5d1jWa0roJUL7KNxIFak/+Qb73GajAR5disXjyOMp/RnzZtKxL+pLs7hGc\ncCSa4C02/GjKmYMcca2kF0CY9MWRIBJfcDWS8UXATbH3OUxKoHQiTc5ZppgdOd/6\nnWgC52KncuyVFIgQXW9MSnnIFbDTePsNzL4q9u4086AAQTkbWJbpLwywUJWixdGM\nU3eHetUNXeFeTmXmSC8cMZuFkPLsHRIpvWONStq4/fxQa8eO9utM7yHacO0A/MCH\nwOPMztWnbtBJ33MMVpqub6JHbi28Px+igEMIFnW3dLYLJoSuEoq38BmcKmHeHsVJ\nHQIDAQAB\n-----END PUBLIC KEY-----\n",
            "rsa_bits": 2048
          },
          "sensitive_attributes": [
            [
              {
                "type": "get_attr",
                "value": "private_key_openssh"
              }
            ],
            [
              {
                "type": "get_attr",
                "value": "private_key_pem"
              }
            ],
            [
              {
                "type": "get_attr",
                "value": "private_key_pem_pkcs8"
              }
            ]
          ]
        }
      ]
    },
    {
      "module": "module.iam_role",
      "mode": "managed",
      "type": "aws_iam_instance_profile",
      "name": "jenkins_instance_profile",
      "provider": "provider[\"registry.terraform.io/hashicorp/aws\"]",
      "instances": [
        {
          "schema_version": 0,
          "attributes": {
            "arn": "arn:aws:iam::686009058037:instance-profile/jenkins_instance_profile",
            "create_date": "2024-11-26T09:34:09Z",
            "id": "jenkins_instance_profile",
            "name": "jenkins_instance_profile",
            "name_prefix": "",
            "path": "/",
            "role": "jenkins_ec2_role",
            "tags": {},
            "tags_all": {},
            "unique_id": "AIPAZ7OKTQL2TL6MMF7UA"
          },
          "sensitive_attributes": [],
          "private": "bnVsbA==",
          "dependencies": [
            "module.iam_role.aws_iam_role.jenkins_role"
          ]
        }
      ]
    },
    {
      "module": "module.iam_role",
      "mode": "managed",
      "type": "aws_iam_role",
      "name": "jenkins_role",
      "provider": "provider[\"registry.terraform.io/hashicorp/aws\"]",
      "instances": [
        {
          "schema_version": 0,
          "attributes": {
            "arn": "arn:aws:iam::686009058037:role/jenkins_ec2_role",
            "assume_role_policy": "{\"Statement\":[{\"Action\":\"sts:AssumeRole\",\"Effect\":\"Allow\",\"Principal\":{\"Service\":\"ec2.amazonaws.com\"},\"Sid\":\"\"}],\"Version\":\"2012-10-17\"}",
            "create_date": "2024-11-26T08:44:16Z",
            "description": "",
            "force_detach_policies": false,
            "id": "jenkins_ec2_role",
            "inline_policy": [],
            "managed_policy_arns": [
              "arn:aws:iam::aws:policy/AmazonEC2FullAccess"
            ],
            "max_session_duration": 3600,
            "name": "jenkins_ec2_role",
            "name_prefix": "",
            "path": "/",
            "permissions_boundary": "",
            "tags": {},
            "tags_all": {},
            "unique_id": "AROAZ7OKTQL2ZWHHSLQTW"
          },
          "sensitive_attributes": [],
          "private": "bnVsbA=="
        }
      ]
    },
    {
      "module": "module.iam_role",
      "mode": "managed",
      "type": "aws_iam_role_policy_attachment",
      "name": "jenkins_full_policy",
      "provider": "provider[\"registry.terraform.io/hashicorp/aws\"]",
      "instances": [
        {
          "schema_version": 0,
          "attributes": {
            "id": "jenkins_ec2_role-20241126090024068300000002",
            "policy_arn": "arn:aws:iam::aws:policy/AmazonEC2FullAccess",
            "role": "jenkins_ec2_role"
          },
          "sensitive_attributes": [],
          "private": "bnVsbA==",
          "dependencies": [
            "module.iam_role.aws_iam_role.jenkins_role"
          ]
        }
      ]
    },
    {
      "module": "module.iam_role",
      "mode": "managed",
      "type": "aws_iam_role_policy_attachment",
      "name": "jenkins_ssm_policy",
      "provider": "provider[\"registry.terraform.io/hashicorp/aws\"]",
      "instances": [
        {
          "schema_version": 0,
          "attributes": {
            "id": "jenkins_ec2_role-20241126120127116300000001",
            "policy_arn": "arn:aws:iam::aws:policy/AmazonSSMManagedInstanceCore",
            "role": "jenkins_ec2_role"
          },
          "sensitive_attributes": [],
          "private": "bnVsbA==",
          "dependencies": [
            "module.iam_role.aws_iam_role.jenkins_role"
          ]
        }
      ]
    },
    {
      "module": "module.internet_gateway",
      "mode": "managed",
      "type": "aws_internet_gateway",
      "name": "jenkins_igw",
      "provider": "provider[\"registry.terraform.io/hashicorp/aws\"]",
      "instances": [
        {
          "schema_version": 0,
          "attributes": {
            "arn": "arn:aws:ec2:ap-south-1:686009058037:internet-gateway/igw-04a7032f559689297",
            "id": "igw-04a7032f559689297",
            "owner_id": "686009058037",
            "tags": {},
            "tags_all": {},
            "timeouts": null,
            "vpc_id": "vpc-0afb5cefdc6000fb7"
          },
          "sensitive_attributes": [],
          "private": "eyJlMmJmYjczMC1lY2FhLTExZTYtOGY4OC0zNDM2M2JjN2M0YzAiOnsiY3JlYXRlIjoxMjAwMDAwMDAwMDAwLCJkZWxldGUiOjEyMDAwMDAwMDAwMDAsInVwZGF0ZSI6MTIwMDAwMDAwMDAwMH19",
          "dependencies": [
            "module.vpc.aws_vpc.jenkins_vpc"
          ]
        }
      ]
    },
    {
      "module": "module.public_route_table",
      "mode": "managed",
      "type": "aws_route_table",
      "name": "jenkins_public_rt",
      "provider": "provider[\"registry.terraform.io/hashicorp/aws\"]",
      "instances": [
        {
          "schema_version": 0,
          "attributes": {
            "arn": "arn:aws:ec2:ap-south-1:686009058037:route-table/rtb-05ecaebec3da45b47",
            "id": "rtb-05ecaebec3da45b47",
            "owner_id": "686009058037",
            "propagating_vgws": [],
            "route": [
              {
                "carrier_gateway_id": "",
                "cidr_block": "0.0.0.0/0",
                "core_network_arn": "",
                "destination_prefix_list_id": "",
                "egress_only_gateway_id": "",
                "gateway_id": "igw-04a7032f559689297",
                "ipv6_cidr_block": "",
                "local_gateway_id": "",
                "nat_gateway_id": "",
                "network_interface_id": "",
                "transit_gateway_id": "",
                "vpc_endpoint_id": "",
                "vpc_peering_connection_id": ""
              }
            ],
            "tags": {},
            "tags_all": {},
            "timeouts": null,
            "vpc_id": "vpc-0afb5cefdc6000fb7"
          },
          "sensitive_attributes": [],
          "private": "eyJlMmJmYjczMC1lY2FhLTExZTYtOGY4OC0zNDM2M2JjN2M0YzAiOnsiY3JlYXRlIjozMDAwMDAwMDAwMDAsImRlbGV0ZSI6MzAwMDAwMDAwMDAwLCJ1cGRhdGUiOjEyMDAwMDAwMDAwMH19",
          "dependencies": [
            "module.internet_gateway.aws_internet_gateway.jenkins_igw",
            "module.vpc.aws_vpc.jenkins_vpc"
          ]
        }
      ]
    },
    {
      "module": "module.public_route_table",
      "mode": "managed",
      "type": "aws_route_table_association",
      "name": "jenkins_subnet_association",
      "provider": "provider[\"registry.terraform.io/hashicorp/aws\"]",
      "instances": [
        {
          "schema_version": 0,
          "attributes": {
            "gateway_id": "",
            "id": "rtbassoc-03da7fbb42badc244",
            "route_table_id": "rtb-05ecaebec3da45b47",
            "subnet_id": "subnet-08bfc404e2b0af3be",
            "timeouts": null
          },
          "sensitive_attributes": [],
          "private": "eyJlMmJmYjczMC1lY2FhLTExZTYtOGY4OC0zNDM2M2JjN2M0YzAiOnsiY3JlYXRlIjozMDAwMDAwMDAwMDAsImRlbGV0ZSI6MzAwMDAwMDAwMDAwLCJ1cGRhdGUiOjEyMDAwMDAwMDAwMH19",
          "dependencies": [
            "module.internet_gateway.aws_internet_gateway.jenkins_igw",
            "module.public_route_table.aws_route_table.jenkins_public_rt",
            "module.subnet.aws_subnet.jenkins_subnet",
            "module.vpc.aws_vpc.jenkins_vpc"
          ]
        }
      ]
    },
    {
      "module": "module.security_group",
      "mode": "managed",
      "type": "aws_security_group",
      "name": "jenkins_sg",
      "provider": "provider[\"registry.terraform.io/hashicorp/aws\"]",
      "instances": [
        {
          "schema_version": 1,
          "attributes": {
            "arn": "arn:aws:ec2:ap-south-1:686009058037:security-group/sg-082f34070dd7670dc",
            "description": "Managed by Terraform",
            "egress": [
              {
                "cidr_blocks": [
                  "0.0.0.0/0"
                ],
                "description": "",
                "from_port": 0,
                "ipv6_cidr_blocks": [],
                "prefix_list_ids": [],
                "protocol": "-1",
                "security_groups": [],
                "self": false,
                "to_port": 0
              }
            ],
            "id": "sg-082f34070dd7670dc",
            "ingress": [
              {
                "cidr_blocks": [
                  "0.0.0.0/0"
                ],
                "description": "Allow HTTP (Jenkins)",
                "from_port": 8080,
                "ipv6_cidr_blocks": [],
                "prefix_list_ids": [],
                "protocol": "tcp",
                "security_groups": [],
                "self": false,
                "to_port": 8080
              },
              {
                "cidr_blocks": [
                  "0.0.0.0/0"
                ],
                "description": "Allow SSH",
                "from_port": 22,
                "ipv6_cidr_blocks": [],
                "prefix_list_ids": [],
                "protocol": "tcp",
                "security_groups": [],
                "self": false,
                "to_port": 22
              }
            ],
            "name": "terraform-20241126084416247000000001",
            "name_prefix": "terraform-",
            "owner_id": "686009058037",
            "revoke_rules_on_delete": false,
            "tags": {},
            "tags_all": {},
            "timeouts": null,
            "vpc_id": "vpc-0afb5cefdc6000fb7"
          },
          "sensitive_attributes": [],
          "private": "eyJlMmJmYjczMC1lY2FhLTExZTYtOGY4OC0zNDM2M2JjN2M0YzAiOnsiY3JlYXRlIjo2MDAwMDAwMDAwMDAsImRlbGV0ZSI6OTAwMDAwMDAwMDAwfSwic2NoZW1hX3ZlcnNpb24iOiIxIn0=",
          "dependencies": [
            "module.vpc.aws_vpc.jenkins_vpc"
          ]
        }
      ]
    },
    {
      "module": "module.subnet",
      "mode": "managed",
      "type": "aws_subnet",
      "name": "jenkins_subnet",
      "provider": "provider[\"registry.terraform.io/hashicorp/aws\"]",
      "instances": [
        {
          "schema_version": 1,
          "attributes": {
            "arn": "arn:aws:ec2:ap-south-1:686009058037:subnet/subnet-08bfc404e2b0af3be",
            "assign_ipv6_address_on_creation": false,
            "availability_zone": "ap-south-1a",
            "availability_zone_id": "aps1-az1",
            "cidr_block": "10.0.1.0/24",
            "customer_owned_ipv4_pool": "",
            "enable_dns64": false,
            "enable_lni_at_device_index": 0,
            "enable_resource_name_dns_a_record_on_launch": false,
            "enable_resource_name_dns_aaaa_record_on_launch": false,
            "id": "subnet-08bfc404e2b0af3be",
            "ipv6_cidr_block": "",
            "ipv6_cidr_block_association_id": "",
            "ipv6_native": false,
            "map_customer_owned_ip_on_launch": false,
            "map_public_ip_on_launch": true,
            "outpost_arn": "",
            "owner_id": "686009058037",
            "private_dns_hostname_type_on_launch": "ip-name",
            "tags": {},
            "tags_all": {},
            "timeouts": null,
            "vpc_id": "vpc-0afb5cefdc6000fb7"
          },
          "sensitive_attributes": [],
          "private": "eyJlMmJmYjczMC1lY2FhLTExZTYtOGY4OC0zNDM2M2JjN2M0YzAiOnsiY3JlYXRlIjo2MDAwMDAwMDAwMDAsImRlbGV0ZSI6MTIwMDAwMDAwMDAwMH0sInNjaGVtYV92ZXJzaW9uIjoiMSJ9",
          "dependencies": [
            "module.vpc.aws_vpc.jenkins_vpc"
          ]
        }
      ]
    },
    {
      "module": "module.vpc",
      "mode": "managed",
      "type": "aws_vpc",
      "name": "jenkins_vpc",
      "provider": "provider[\"registry.terraform.io/hashicorp/aws\"]",
      "instances": [
        {
          "schema_version": 1,
          "attributes": {
            "arn": "arn:aws:ec2:ap-south-1:686009058037:vpc/vpc-0afb5cefdc6000fb7",
            "assign_generated_ipv6_cidr_block": false,
            "cidr_block": "10.0.0.0/16",
            "default_network_acl_id": "acl-0d9559ebd33f4c7b6",
            "default_route_table_id": "rtb-039229bd7f29e06d0",
            "default_security_group_id": "sg-0b59ef84781c7107e",
            "dhcp_options_id": "dopt-0e4be5bb4600fda5e",
            "enable_dns_hostnames": false,
            "enable_dns_support": true,
            "enable_network_address_usage_metrics": false,
            "id": "vpc-0afb5cefdc6000fb7",
            "instance_tenancy": "default",
            "ipv4_ipam_pool_id": null,
            "ipv4_netmask_length": null,
            "ipv6_association_id": "",
            "ipv6_cidr_block": "",
            "ipv6_cidr_block_network_border_group": "",
            "ipv6_ipam_pool_id": "",
            "ipv6_netmask_length": 0,
            "main_route_table_id": "rtb-039229bd7f29e06d0",
            "owner_id": "686009058037",
            "tags": {},
            "tags_all": {}
          },
          "sensitive_attributes": [],
          "private": "eyJzY2hlbWFfdmVyc2lvbiI6IjEifQ=="
        }
      ]
    }
  ],
  "check_results": null
}
